
Microsoft Visual Studio Solution File, Format Version 12.00
# Visual Studio Version 17
VisualStudioVersion = 17.11.35312.102
MinimumVisualStudioVersion = 10.0.40219.1
Project("{FAE04EC0-301F-11D3-BF4B-00C04F79EFBC}") = "Homework uni", "Homework uni\Homework uni.csproj", "{FC16E529-FDEC-4804-9A62-C6679215524B}"
EndProject
Global
	GlobalSection(SolutionConfigurationPlatforms) = preSolution
		Debug|Any CPU = Debug|Any CPU
		Release|Any CPU = Release|Any CPU
	EndGlobalSection
	GlobalSection(ProjectConfigurationPlatforms) = postSolution
		{FC16E529-FDEC-4804-9A62-C6679215524B}.Debug|Any CPU.ActiveCfg = Debug|Any CPU
		{FC16E529-FDEC-4804-9A62-C6679215524B}.Debug|Any CPU.Build.0 = Debug|Any CPU
		{FC16E529-FDEC-4804-9A62-C6679215524B}.Release|Any CPU.ActiveCfg = Release|Any CPU
		{FC16E529-FDEC-4804-9A62-C6679215524B}.Release|Any CPU.Build.0 = Release|Any CPU
	EndGlobalSection
	GlobalSection(SolutionProperties) = preSolution
		HideSolutionNode = FALSE
	EndGlobalSection
	GlobalSection(ExtensibilityGlobals) = postSolution
		SolutionGuid = {AF08F687-9B77-4F31-ADD8-F2AB56C25DAC}
	EndGlobalSection
EndGlobal
